// !$*UTF8*$!
{
	archiveVersion = 1;
	classes = {
	};
	objectVersion = 50;
	objects = {

/* Begin PBXBuildFile section */
		0A7153E70F08986211DA9466 /* Pods_RxSpecialTests.framework in Frameworks */ = {isa = PBXBuildFile; fileRef = 45229039854742C8064D13DC /* Pods_RxSpecialTests.framework */; };
		AD2752D62306529B00A4A083 /* Gear.swift in Sources */ = {isa = PBXBuildFile; fileRef = AD2752D52306529B00A4A083 /* Gear.swift */; };
		AD2752D8230654C500A4A083 /* URLRequest.swift in Sources */ = {isa = PBXBuildFile; fileRef = AD2752D7230654C500A4A083 /* URLRequest.swift */; };
		AD642DC023064B620042A61B /* AppDelegate.swift in Sources */ = {isa = PBXBuildFile; fileRef = AD642DBF23064B620042A61B /* AppDelegate.swift */; };
		AD642DC523064B620042A61B /* Main.storyboard in Resources */ = {isa = PBXBuildFile; fileRef = AD642DC323064B620042A61B /* Main.storyboard */; };
		AD642DC723064B650042A61B /* Assets.xcassets in Resources */ = {isa = PBXBuildFile; fileRef = AD642DC623064B650042A61B /* Assets.xcassets */; };
		AD642DCA23064B650042A61B /* LaunchScreen.storyboard in Resources */ = {isa = PBXBuildFile; fileRef = AD642DC823064B650042A61B /* LaunchScreen.storyboard */; };
		AD642DD523064B660042A61B /* RxSpecialTests.swift in Sources */ = {isa = PBXBuildFile; fileRef = AD642DD423064B660042A61B /* RxSpecialTests.swift */; };
		AD642DE323064BE80042A61B /* GearDetailsController.swift in Sources */ = {isa = PBXBuildFile; fileRef = AD642DE223064BE80042A61B /* GearDetailsController.swift */; };
		AD642DE523064BFC0042A61B /* GearController.swift in Sources */ = {isa = PBXBuildFile; fileRef = AD642DE423064BFC0042A61B /* GearController.swift */; };
		AD642DE923064C410042A61B /* GearViewCell.swift in Sources */ = {isa = PBXBuildFile; fileRef = AD642DE823064C410042A61B /* GearViewCell.swift */; };
		DC6A36800F0190F7CE9AB3F7 /* Pods_RxSpecial.framework in Frameworks */ = {isa = PBXBuildFile; fileRef = 46C82A489ACB638091E09CD8 /* Pods_RxSpecial.framework */; };
/* End PBXBuildFile section */

/* Begin PBXContainerItemProxy section */
		AD642DD123064B660042A61B /* PBXContainerItemProxy */ = {
			isa = PBXContainerItemProxy;
			containerPortal = AD642DB423064B620042A61B /* Project object */;
			proxyType = 1;
			remoteGlobalIDString = AD642DBB23064B620042A61B;
			remoteInfo = RxSpecial;
		};
/* End PBXContainerItemProxy section */

/* Begin PBXFileReference section */
		0CA46D8F66FF476CFC1F5B4B /* Pods-RxSpecialTests.debug.xcconfig */ = {isa = PBXFileReference; includeInIndex = 1; lastKnownFileType = text.xcconfig; name = "Pods-RxSpecialTests.debug.xcconfig"; path = "Target Support Files/Pods-RxSpecialTests/Pods-RxSpecialTests.debug.xcconfig"; sourceTree = "<group>"; };
		45229039854742C8064D13DC /* Pods_RxSpecialTests.framework */ = {isa = PBXFileReference; explicitFileType = wrapper.framework; includeInIndex = 0; path = Pods_RxSpecialTests.framework; sourceTree = BUILT_PRODUCTS_DIR; };
		46C82A489ACB638091E09CD8 /* Pods_RxSpecial.framework */ = {isa = PBXFileReference; explicitFileType = wrapper.framework; includeInIndex = 0; path = Pods_RxSpecial.framework; sourceTree = BUILT_PRODUCTS_DIR; };
		6B61AC48B8F30E07B58643D6 /* Pods-RxSpecial.release.xcconfig */ = {isa = PBXFileReference; includeInIndex = 1; lastKnownFileType = text.xcconfig; name = "Pods-RxSpecial.release.xcconfig"; path = "Target Support Files/Pods-RxSpecial/Pods-RxSpecial.release.xcconfig"; sourceTree = "<group>"; };
		AD2752D52306529B00A4A083 /* Gear.swift */ = {isa = PBXFileReference; lastKnownFileType = sourcecode.swift; path = Gear.swift; sourceTree = "<group>"; };
		AD2752D7230654C500A4A083 /* URLRequest.swift */ = {isa = PBXFileReference; lastKnownFileType = sourcecode.swift; path = URLRequest.swift; sourceTree = "<group>"; };
		AD642DBC23064B620042A61B /* RxSpecial.app */ = {isa = PBXFileReference; explicitFileType = wrapper.application; includeInIndex = 0; path = RxSpecial.app; sourceTree = BUILT_PRODUCTS_DIR; };
		AD642DBF23064B620042A61B /* AppDelegate.swift */ = {isa = PBXFileReference; lastKnownFileType = sourcecode.swift; path = AppDelegate.swift; sourceTree = "<group>"; };
		AD642DC423064B620042A61B /* Base */ = {isa = PBXFileReference; lastKnownFileType = file.storyboard; name = Base; path = Base.lproj/Main.storyboard; sourceTree = "<group>"; };
		AD642DC623064B650042A61B /* Assets.xcassets */ = {isa = PBXFileReference; lastKnownFileType = folder.assetcatalog; path = Assets.xcassets; sourceTree = "<group>"; };
		AD642DC923064B650042A61B /* Base */ = {isa = PBXFileReference; lastKnownFileType = file.storyboard; name = Base; path = Base.lproj/LaunchScreen.storyboard; sourceTree = "<group>"; };
		AD642DCB23064B650042A61B /* Info.plist */ = {isa = PBXFileReference; lastKnownFileType = text.plist.xml; path = Info.plist; sourceTree = "<group>"; };
		AD642DD023064B660042A61B /* RxSpecialTests.xctest */ = {isa = PBXFileReference; explicitFileType = wrapper.cfbundle; includeInIndex = 0; path = RxSpecialTests.xctest; sourceTree = BUILT_PRODUCTS_DIR; };
		AD642DD423064B660042A61B /* RxSpecialTests.swift */ = {isa = PBXFileReference; lastKnownFileType = sourcecode.swift; path = RxSpecialTests.swift; sourceTree = "<group>"; };
		AD642DD623064B660042A61B /* Info.plist */ = {isa = PBXFileReference; lastKnownFileType = text.plist.xml; path = Info.plist; sourceTree = "<group>"; };
		AD642DE223064BE80042A61B /* GearDetailsController.swift */ = {isa = PBXFileReference; lastKnownFileType = sourcecode.swift; path = GearDetailsController.swift; sourceTree = "<group>"; };
		AD642DE423064BFC0042A61B /* GearController.swift */ = {isa = PBXFileReference; lastKnownFileType = sourcecode.swift; path = GearController.swift; sourceTree = "<group>"; };
		AD642DE823064C410042A61B /* GearViewCell.swift */ = {isa = PBXFileReference; lastKnownFileType = sourcecode.swift; path = GearViewCell.swift; sourceTree = "<group>"; };
		BF51E24145D2D476B85524B0 /* Pods-RxSpecial.debug.xcconfig */ = {isa = PBXFileReference; includeInIndex = 1; lastKnownFileType = text.xcconfig; name = "Pods-RxSpecial.debug.xcconfig"; path = "Target Support Files/Pods-RxSpecial/Pods-RxSpecial.debug.xcconfig"; sourceTree = "<group>"; };
		C91FF6FBABC22FE6EFC9605E /* Pods-RxSpecialTests.release.xcconfig */ = {isa = PBXFileReference; includeInIndex = 1; lastKnownFileType = text.xcconfig; name = "Pods-RxSpecialTests.release.xcconfig"; path = "Target Support Files/Pods-RxSpecialTests/Pods-RxSpecialTests.release.xcconfig"; sourceTree = "<group>"; };
/* End PBXFileReference section */

/* Begin PBXFrameworksBuildPhase section */
		AD642DB923064B620042A61B /* Frameworks */ = {
			isa = PBXFrameworksBuildPhase;
			buildActionMask = 2147483647;
			files = (
				DC6A36800F0190F7CE9AB3F7 /* Pods_RxSpecial.framework in Frameworks */,
			);
			runOnlyForDeploymentPostprocessing = 0;
		};
		AD642DCD23064B660042A61B /* Frameworks */ = {
			isa = PBXFrameworksBuildPhase;
			buildActionMask = 2147483647;
			files = (
				0A7153E70F08986211DA9466 /* Pods_RxSpecialTests.framework in Frameworks */,
			);
			runOnlyForDeploymentPostprocessing = 0;
		};
/* End PBXFrameworksBuildPhase section */

/* Begin PBXGroup section */
		987C5F8103010859531B802E /* Pods */ = {
			isa = PBXGroup;
			children = (
				BF51E24145D2D476B85524B0 /* Pods-RxSpecial.debug.xcconfig */,
				6B61AC48B8F30E07B58643D6 /* Pods-RxSpecial.release.xcconfig */,
				0CA46D8F66FF476CFC1F5B4B /* Pods-RxSpecialTests.debug.xcconfig */,
				C91FF6FBABC22FE6EFC9605E /* Pods-RxSpecialTests.release.xcconfig */,
			);
			name = Pods;
			path = Pods;
			sourceTree = "<group>";
		};
		AD642DB323064B620042A61B = {
			isa = PBXGroup;
			children = (
				AD642DBE23064B620042A61B /* RxSpecial */,
				AD642DD323064B660042A61B /* RxSpecialTests */,
				AD642DBD23064B620042A61B /* Products */,
				987C5F8103010859531B802E /* Pods */,
				D710A3226FCEA3CA801F23FD /* Frameworks */,
			);
			sourceTree = "<group>";
		};
		AD642DBD23064B620042A61B /* Products */ = {
			isa = PBXGroup;
			children = (
				AD642DBC23064B620042A61B /* RxSpecial.app */,
				AD642DD023064B660042A61B /* RxSpecialTests.xctest */,
			);
			name = Products;
			sourceTree = "<group>";
		};
		AD642DBE23064B620042A61B /* RxSpecial */ = {
			isa = PBXGroup;
			children = (
				AD642DE623064C150042A61B /* Model */,
				AD642DE723064C230042A61B /* View */,
				AD642DE123064BC10042A61B /* Controller */,
				AD642DBF23064B620042A61B /* AppDelegate.swift */,
				AD642DDF23064BA10042A61B /* Storyboard */,
				AD642DE023064BB50042A61B /* Supporting Files */,
			);
			path = RxSpecial;
			sourceTree = "<group>";
		};
		AD642DD323064B660042A61B /* RxSpecialTests */ = {
			isa = PBXGroup;
			children = (
				AD642DD423064B660042A61B /* RxSpecialTests.swift */,
				AD642DD623064B660042A61B /* Info.plist */,
			);
			path = RxSpecialTests;
			sourceTree = "<group>";
		};
		AD642DDF23064BA10042A61B /* Storyboard */ = {
			isa = PBXGroup;
			children = (
				AD642DC323064B620042A61B /* Main.storyboard */,
				AD642DC823064B650042A61B /* LaunchScreen.storyboard */,
			);
			path = Storyboard;
			sourceTree = "<group>";
		};
		AD642DE023064BB50042A61B /* Supporting Files */ = {
			isa = PBXGroup;
			children = (
				AD642DC623064B650042A61B /* Assets.xcassets */,
				AD642DCB23064B650042A61B /* Info.plist */,
			);
			path = "Supporting Files";
			sourceTree = "<group>";
		};
		AD642DE123064BC10042A61B /* Controller */ = {
			isa = PBXGroup;
			children = (
				AD642DE423064BFC0042A61B /* GearController.swift */,
				AD642DE223064BE80042A61B /* GearDetailsController.swift */,
			);
			path = Controller;
			sourceTree = "<group>";
		};
		AD642DE623064C150042A61B /* Model */ = {
			isa = PBXGroup;
			children = (
				AD2752D52306529B00A4A083 /* Gear.swift */,
				AD2752D7230654C500A4A083 /* URLRequest.swift */,
			);
			path = Model;
			sourceTree = "<group>";
		};
		AD642DE723064C230042A61B /* View */ = {
			isa = PBXGroup;
			children = (
				AD642DE823064C410042A61B /* GearViewCell.swift */,
			);
			path = View;
			sourceTree = "<group>";
		};
		D710A3226FCEA3CA801F23FD /* Frameworks */ = {
			isa = PBXGroup;
			children = (
				46C82A489ACB638091E09CD8 /* Pods_RxSpecial.framework */,
				45229039854742C8064D13DC /* Pods_RxSpecialTests.framework */,
			);
			name = Frameworks;
			sourceTree = "<group>";
		};
/* End PBXGroup section */

/* Begin PBXNativeTarget section */
		AD642DBB23064B620042A61B /* RxSpecial */ = {
			isa = PBXNativeTarget;
			buildConfigurationList = AD642DD923064B660042A61B /* Build configuration list for PBXNativeTarget "RxSpecial" */;
			buildPhases = (
				58D09DE6D4A09B6C7D9A92AA /* [CP] Check Pods Manifest.lock */,
				AD642DB823064B620042A61B /* Sources */,
				AD642DB923064B620042A61B /* Frameworks */,
				AD642DBA23064B620042A61B /* Resources */,
				2121E34685FD62AE98F93CDE /* [CP] Embed Pods Frameworks */,
			);
			buildRules = (
			);
			dependencies = (
			);
			name = RxSpecial;
			productName = RxSpecial;
			productReference = AD642DBC23064B620042A61B /* RxSpecial.app */;
			productType = "com.apple.product-type.application";
		};
		AD642DCF23064B660042A61B /* RxSpecialTests */ = {
			isa = PBXNativeTarget;
			buildConfigurationList = AD642DDC23064B660042A61B /* Build configuration list for PBXNativeTarget "RxSpecialTests" */;
			buildPhases = (
				2E5D6A7FC1F716FB2D2AA987 /* [CP] Check Pods Manifest.lock */,
				AD642DCC23064B660042A61B /* Sources */,
				AD642DCD23064B660042A61B /* Frameworks */,
				AD642DCE23064B660042A61B /* Resources */,
			);
			buildRules = (
			);
			dependencies = (
				AD642DD223064B660042A61B /* PBXTargetDependency */,
			);
			name = RxSpecialTests;
			productName = RxSpecialTests;
			productReference = AD642DD023064B660042A61B /* RxSpecialTests.xctest */;
			productType = "com.apple.product-type.bundle.unit-test";
		};
/* End PBXNativeTarget section */

/* Begin PBXProject section */
		AD642DB423064B620042A61B /* Project object */ = {
			isa = PBXProject;
			attributes = {
				LastSwiftUpdateCheck = 1010;
				LastUpgradeCheck = 1010;
				ORGANIZATIONNAME = "Jason Sanchez";
				TargetAttributes = {
					AD642DBB23064B620042A61B = {
						CreatedOnToolsVersion = 10.1;
					};
					AD642DCF23064B660042A61B = {
						CreatedOnToolsVersion = 10.1;
						TestTargetID = AD642DBB23064B620042A61B;
					};
				};
			};
			buildConfigurationList = AD642DB723064B620042A61B /* Build configuration list for PBXProject "RxSpecial" */;
			compatibilityVersion = "Xcode 9.3";
			developmentRegion = en;
			hasScannedForEncodings = 0;
			knownRegions = (
				en,
				Base,
			);
			mainGroup = AD642DB323064B620042A61B;
			productRefGroup = AD642DBD23064B620042A61B /* Products */;
			projectDirPath = "";
			projectRoot = "";
			targets = (
				AD642DBB23064B620042A61B /* RxSpecial */,
				AD642DCF23064B660042A61B /* RxSpecialTests */,
			);
		};
/* End PBXProject section */

/* Begin PBXResourcesBuildPhase section */
		AD642DBA23064B620042A61B /* Resources */ = {
			isa = PBXResourcesBuildPhase;
			buildActionMask = 2147483647;
			files = (
				AD642DCA23064B650042A61B /* LaunchScreen.storyboard in Resources */,
				AD642DC723064B650042A61B /* Assets.xcassets in Resources */,
				AD642DC523064B620042A61B /* Main.storyboard in Resources */,
			);
			runOnlyForDeploymentPostprocessing = 0;
		};
		AD642DCE23064B660042A61B /* Resources */ = {
			isa = PBXResourcesBuildPhase;
			buildActionMask = 2147483647;
			files = (
			);
			runOnlyForDeploymentPostprocessing = 0;
		};
/* End PBXResourcesBuildPhase section */

/* Begin PBXShellScriptBuildPhase section */
		2121E34685FD62AE98F93CDE /* [CP] Embed Pods Frameworks */ = {
			isa = PBXShellScriptBuildPhase;
			buildActionMask = 2147483647;
			files = (
			);
			inputFileListPaths = (
				"${PODS_ROOT}/Target Support Files/Pods-RxSpecial/Pods-RxSpecial-frameworks-${CONFIGURATION}-input-files.xcfilelist",
			);
			name = "[CP] Embed Pods Frameworks";
			outputFileListPaths = (
				"${PODS_ROOT}/Target Support Files/Pods-RxSpecial/Pods-RxSpecial-frameworks-${CONFIGURATION}-output-files.xcfilelist",
			);
			runOnlyForDeploymentPostprocessing = 0;
			shellPath = /bin/sh;
			shellScript = "\"${PODS_ROOT}/Target Support Files/Pods-RxSpecial/Pods-RxSpecial-frameworks.sh\"\n";
			showEnvVarsInLog = 0;
		};
		2E5D6A7FC1F716FB2D2AA987 /* [CP] Check Pods Manifest.lock */ = {
			isa = PBXShellScriptBuildPhase;
			buildActionMask = 2147483647;
			files = (
			);
			inputFileListPaths = (
			);
			inputPaths = (
				"${PODS_PODFILE_DIR_PATH}/Podfile.lock",
				"${PODS_ROOT}/Manifest.lock",
			);
			name = "[CP] Check Pods Manifest.lock";
			outputFileListPaths = (
			);
			outputPaths = (
				"$(DERIVED_FILE_DIR)/Pods-RxSpecialTests-checkManifestLockResult.txt",
			);
			runOnlyForDeploymentPostprocessing = 0;
			shellPath = /bin/sh;
			shellScript = "diff \"${PODS_PODFILE_DIR_PATH}/Podfile.lock\" \"${PODS_ROOT}/Manifest.lock\" > /dev/null\nif [ $? != 0 ] ; then\n    # print error to STDERR\n    echo \"error: The sandbox is not in sync with the Podfile.lock. Run 'pod install' or update your CocoaPods installation.\" >&2\n    exit 1\nfi\n# This output is used by Xcode 'outputs' to avoid re-running this script phase.\necho \"SUCCESS\" > \"${SCRIPT_OUTPUT_FILE_0}\"\n";
			showEnvVarsInLog = 0;
		};
		58D09DE6D4A09B6C7D9A92AA /* [CP] Check Pods Manifest.lock */ = {
			isa = PBXShellScriptBuildPhase;
			buildActionMask = 2147483647;
			files = (
			);
			inputFileListPaths = (
			);
			inputPaths = (
				"${PODS_PODFILE_DIR_PATH}/Podfile.lock",
				"${PODS_ROOT}/Manifest.lock",
			);
			name = "[CP] Check Pods Manifest.lock";
			outputFileListPaths = (
			);
			outputPaths = (
				"$(DERIVED_FILE_DIR)/Pods-RxSpecial-checkManifestLockResult.txt",
			);
			runOnlyForDeploymentPostprocessing = 0;
			shellPath = /bin/sh;
			shellScript = "diff \"${PODS_PODFILE_DIR_PATH}/Podfile.lock\" \"${PODS_ROOT}/Manifest.lock\" > /dev/null\nif [ $? != 0 ] ; then\n    # print error to STDERR\n    echo \"error: The sandbox is not in sync with the Podfile.lock. Run 'pod install' or update your CocoaPods installation.\" >&2\n    exit 1\nfi\n# This output is used by Xcode 'outputs' to avoid re-running this script phase.\necho \"SUCCESS\" > \"${SCRIPT_OUTPUT_FILE_0}\"\n";
			showEnvVarsInLog = 0;
		};
/* End PBXShellScriptBuildPhase section */

/* Begin PBXSourcesBuildPhase section */
		AD642DB823064B620042A61B /* Sources */ = {
			isa = PBXSourcesBuildPhase;
			buildActionMask = 2147483647;
			files = (
				AD642DE523064BFC0042A61B /* GearController.swift in Sources */,
				AD2752D62306529B00A4A083 /* Gear.swift in Sources */,
				AD642DC023064B620042A61B /* AppDelegate.swift in Sources */,
				AD2752D8230654C500A4A083 /* URLRequest.swift in Sources */,
				AD642DE323064BE80042A61B /* GearDetailsController.swift in Sources */,
				AD642DE923064C410042A61B /* GearViewCell.swift in Sources */,
			);
			runOnlyForDeploymentPostprocessing = 0;
		};
		AD642DCC23064B660042A61B /* Sources */ = {
			isa = PBXSourcesBuildPhase;
			buildActionMask = 2147483647;
			files = (
				AD642DD523064B660042A61B /* RxSpecialTests.swift in Sources */,
			);
			runOnlyForDeploymentPostprocessing = 0;
		};
/* End PBXSourcesBuildPhase section */

/* Begin PBXTargetDependency section */
		AD642DD223064B660042A61B /* PBXTargetDependency */ = {
			isa = PBXTargetDependency;
			target = AD642DBB23064B620042A61B /* RxSpecial */;
			targetProxy = AD642DD123064B660042A61B /* PBXContainerItemProxy */;
		};
/* End PBXTargetDependency section */

/* Begin PBXVariantGroup section */
		AD642DC323064B620042A61B /* Main.storyboard */ = {
			isa = PBXVariantGroup;
			children = (
				AD642DC423064B620042A61B /* Base */,
			);
			name = Main.storyboard;
			sourceTree = "<group>";
		};
		AD642DC823064B650042A61B /* LaunchScreen.storyboard */ = {
			isa = PBXVariantGroup;
			children = (
				AD642DC923064B650042A61B /* Base */,
			);
			name = LaunchScreen.storyboard;
			sourceTree = "<group>";
		};
/* End PBXVariantGroup section */

/* Begin XCBuildConfiguration section */
		AD642DD723064B660042A61B /* Debug */ = {
			isa = XCBuildConfiguration;
			buildSettings = {
				ALWAYS_SEARCH_USER_PATHS = NO;
				CLANG_ANALYZER_NONNULL = YES;
				CLANG_ANALYZER_NUMBER_OBJECT_CONVERSION = YES_AGGRESSIVE;
				CLANG_CXX_LANGUAGE_STANDARD = "gnu++14";
				CLANG_CXX_LIBRARY = "libc++";
				CLANG_ENABLE_MODULES = YES;
				CLANG_ENABLE_OBJC_ARC = YES;
				CLANG_ENABLE_OBJC_WEAK = YES;
				CLANG_WARN_BLOCK_CAPTURE_AUTORELEASING = YES;
				CLANG_WARN_BOOL_CONVERSION = YES;
				CLANG_WARN_COMMA = YES;
				CLANG_WARN_CONSTANT_CONVERSION = YES;
				CLANG_WARN_DEPRECATED_OBJC_IMPLEMENTATIONS = YES;
				CLANG_WARN_DIRECT_OBJC_ISA_USAGE = YES_ERROR;
				CLANG_WARN_DOCUMENTATION_COMMENTS = YES;
				CLANG_WARN_EMPTY_BODY = YES;
				CLANG_WARN_ENUM_CONVERSION = YES;
				CLANG_WARN_INFINITE_RECURSION = YES;
				CLANG_WARN_INT_CONVERSION = YES;
				CLANG_WARN_NON_LITERAL_NULL_CONVERSION = YES;
				CLANG_WARN_OBJC_IMPLICIT_RETAIN_SELF = YES;
				CLANG_WARN_OBJC_LITERAL_CONVERSION = YES;
				CLANG_WARN_OBJC_ROOT_CLASS = YES_ERROR;
				CLANG_WARN_RANGE_LOOP_ANALYSIS = YES;
				CLANG_WARN_STRICT_PROTOTYPES = YES;
				CLANG_WARN_SUSPICIOUS_MOVE = YES;
				CLANG_WARN_UNGUARDED_AVAILABILITY = YES_AGGRESSIVE;
				CLANG_WARN_UNREACHABLE_CODE = YES;
				CLANG_WARN__DUPLICATE_METHOD_MATCH = YES;
				CODE_SIGN_IDENTITY = "iPhone Developer";
				COPY_PHASE_STRIP = NO;
				DEBUG_INFORMATION_FORMAT = dwarf;
				ENABLE_STRICT_OBJC_MSGSEND = YES;
				ENABLE_TESTABILITY = YES;
				GCC_C_LANGUAGE_STANDARD = gnu11;
				GCC_DYNAMIC_NO_PIC = NO;
				GCC_NO_COMMON_BLOCKS = YES;
				GCC_OPTIMIZATION_LEVEL = 0;
				GCC_PREPROCESSOR_DEFINITIONS = (
					"DEBUG=1",
					"$(inherited)",
				);
				GCC_WARN_64_TO_32_BIT_CONVERSION = YES;
				GCC_WARN_ABOUT_RETURN_TYPE = YES_ERROR;
				GCC_WARN_UNDECLARED_SELECTOR = YES;
				GCC_WARN_UNINITIALIZED_AUTOS = YES_AGGRESSIVE;
				GCC_WARN_UNUSED_FUNCTION = YES;
				GCC_WARN_UNUSED_VARIABLE = YES;
				IPHONEOS_DEPLOYMENT_TARGET = 12.1;
				MTL_ENABLE_DEBUG_INFO = INCLUDE_SOURCE;
				MTL_FAST_MATH = YES;
				ONLY_ACTIVE_ARCH = YES;
				SDKROOT = iphoneos;
				SWIFT_ACTIVE_COMPILATION_CONDITIONS = DEBUG;
				SWIFT_OPTIMIZATION_LEVEL = "-Onone";
			};
			name = Debug;
		};
		AD642DD823064B660042A61B /* Release */ = {
			isa = XCBuildConfiguration;
			buildSettings = {
				ALWAYS_SEARCH_USER_PATHS = NO;
				CLANG_ANALYZER_NONNULL = YES;
				CLANG_ANALYZER_NUMBER_OBJECT_CONVERSION = YES_AGGRESSIVE;
				CLANG_CXX_LANGUAGE_STANDARD = "gnu++14";
				CLANG_CXX_LIBRARY = "libc++";
				CLANG_ENABLE_MODULES = YES;
				CLANG_ENABLE_OBJC_ARC = YES;
				CLANG_ENABLE_OBJC_WEAK = YES;
				CLANG_WARN_BLOCK_CAPTURE_AUTORELEASING = YES;
				CLANG_WARN_BOOL_CONVERSION = YES;
				CLANG_WARN_COMMA = YES;
				CLANG_WARN_CONSTANT_CONVERSION = YES;
				CLANG_WARN_DEPRECATED_OBJC_IMPLEMENTATIONS = YES;
				CLANG_WARN_DIRECT_OBJC_ISA_USAGE = YES_ERROR;
				CLANG_WARN_DOCUMENTATION_COMMENTS = YES;
				CLANG_WARN_EMPTY_BODY = YES;
				CLANG_WARN_ENUM_CONVERSION = YES;
				CLANG_WARN_INFINITE_RECURSION = YES;
				CLANG_WARN_INT_CONVERSION = YES;
				CLANG_WARN_NON_LITERAL_NULL_CONVERSION = YES;
				CLANG_WARN_OBJC_IMPLICIT_RETAIN_SELF = YES;
				CLANG_WARN_OBJC_LITERAL_CONVERSION = YES;
				CLANG_WARN_OBJC_ROOT_CLASS = YES_ERROR;
				CLANG_WARN_RANGE_LOOP_ANALYSIS = YES;
				CLANG_WARN_STRICT_PROTOTYPES = YES;
				CLANG_WARN_SUSPICIOUS_MOVE = YES;
				CLANG_WARN_UNGUARDED_AVAILABILITY = YES_AGGRESSIVE;
				CLANG_WARN_UNREACHABLE_CODE = YES;
				CLANG_WARN__DUPLICATE_METHOD_MATCH = YES;
				CODE_SIGN_IDENTITY = "iPhone Developer";
				COPY_PHASE_STRIP = NO;
				DEBUG_INFORMATION_FORMAT = "dwarf-with-dsym";
				ENABLE_NS_ASSERTIONS = NO;
				ENABLE_STRICT_OBJC_MSGSEND = YES;
				GCC_C_LANGUAGE_STANDARD = gnu11;
				GCC_NO_COMMON_BLOCKS = YES;
				GCC_WARN_64_TO_32_BIT_CONVERSION = YES;
				GCC_WARN_ABOUT_RETURN_TYPE = YES_ERROR;
				GCC_WARN_UNDECLARED_SELECTOR = YES;
				GCC_WARN_UNINITIALIZED_AUTOS = YES_AGGRESSIVE;
				GCC_WARN_UNUSED_FUNCTION = YES;
				GCC_WARN_UNUSED_VARIABLE = YES;
				IPHONEOS_DEPLOYMENT_TARGET = 12.1;
				MTL_ENABLE_DEBUG_INFO = NO;
				MTL_FAST_MATH = YES;
				SDKROOT = iphoneos;
				SWIFT_COMPILATION_MODE = wholemodule;
				SWIFT_OPTIMIZATION_LEVEL = "-O";
				VALIDATE_PRODUCT = YES;
			};
			name = Release;
		};
		AD642DDA23064B660042A61B /* Debug */ = {
			isa = XCBuildConfiguration;
			baseConfigurationReference = BF51E24145D2D476B85524B0 /* Pods-RxSpecial.debug.xcconfig */;
			buildSettings = {
				ASSETCATALOG_COMPILER_APPICON_NAME = AppIcon;
				CODE_SIGN_STYLE = Automatic;
				DEVELOPMENT_TEAM = 7QLQZLZHA6;
				INFOPLIST_FILE = "$(SRCROOT)/RxSpecial/Supporting Files/Info.plist";
				LD_RUNPATH_SEARCH_PATHS = (
					"$(inherited)",
					"@executable_path/Frameworks",
				);
				PRODUCT_BUNDLE_IDENTIFIER = TRVL.RxSpecial;
				PRODUCT_NAME = "$(TARGET_NAME)";
				SWIFT_VERSION = 4.2;
				TARGETED_DEVICE_FAMILY = "1,2";
			};
			name = Debug;
		};
		AD642DDB23064B660042A61B /* Release */ = {
			isa = XCBuildConfiguration;
			baseConfigurationReference = 6B61AC48B8F30E07B58643D6 /* Pods-RxSpecial.release.xcconfig */;
			buildSettings = {
				ASSETCATALOG_COMPILER_APPICON_NAME = AppIcon;
				CODE_SIGN_STYLE = Automatic;
				DEVELOPMENT_TEAM = 7QLQZLZHA6;
				INFOPLIST_FILE = "$(SRCROOT)/RxSpecial/Supporting Files/Info.plist";
				LD_RUNPATH_SEARCH_PATHS = (
					"$(inherited)",
					"@executable_path/Frameworks",
				);
				PRODUCT_BUNDLE_IDENTIFIER = TRVL.RxSpecial;
				PRODUCT_NAME = "$(TARGET_NAME)";
				SWIFT_VERSION = 4.2;
				TARGETED_DEVICE_FAMILY = "1,2";
			};
			name = Release;
		};
		AD642DDD23064B660042A61B /* Debug */ = {
			isa = XCBuildConfiguration;
			baseConfigurationReference = 0CA46D8F66FF476CFC1F5B4B /* Pods-RxSpecialTests.debug.xcconfig */;
			buildSettings = {
				ALWAYS_EMBED_SWIFT_STANDARD_LIBRARIES = YES;
				BUNDLE_LOADER = "$(TEST_HOST)";
				CODE_SIGN_STYLE = Automatic;
				DEVELOPMENT_TEAM = 7QLQZLZHA6;
				INFOPLIST_FILE = RxSpecialTests/Info.plist;
				LD_RUNPATH_SEARCH_PATHS = (
					"$(inherited)",
					"@executable_path/Frameworks",
					"@loader_path/Frameworks",
				);
				PRODUCT_BUNDLE_IDENTIFIER = TRVL.RxSpecialTests;
				PRODUCT_NAME = "$(TARGET_NAME)";
				SWIFT_VERSION = 4.2;
				TARGETED_DEVICE_FAMILY = "1,2";
				TEST_HOST = "$(BUILT_PRODUCTS_DIR)/RxSpecial.app/RxSpecial";
			};
			name = Debug;
		};
		AD642DDE23064B660042A61B /* Release */ = {
			isa = XCBuildConfiguration;
			baseConfigurationReference = C91FF6FBABC22FE6EFC9605E /* Pods-RxSpecialTests.release.xcconfig */;
			buildSettings = {
				ALWAYS_EMBED_SWIFT_STANDARD_LIBRARIES = YES;
				BUNDLE_LOADER = "$(TEST_HOST)";
				CODE_SIGN_STYLE = Automatic;
				DEVELOPMENT_TEAM = 7QLQZLZHA6;
				INFOPLIST_FILE = RxSpecialTests/Info.plist;
				LD_RUNPATH_SEARCH_PATHS = (
					"$(inherited)",
					"@executable_path/Frameworks",
					"@loader_path/Frameworks",
				);
				PRODUCT_BUNDLE_IDENTIFIER = TRVL.RxSpecialTests;
				PRODUCT_NAME = "$(TARGET_NAME)";
				SWIFT_VERSION = 4.2;
				TARGETED_DEVICE_FAMILY = "1,2";
				TEST_HOST = "$(BUILT_PRODUCTS_DIR)/RxSpecial.app/RxSpecial";
			};
			name = Release;
		};
/* End XCBuildConfiguration section */

/* Begin XCConfigurationList section */
		AD642DB723064B620042A61B /* Build configuration list for PBXProject "RxSpecial" */ = {
			isa = XCConfigurationList;
			buildConfigurations = (
				AD642DD723064B660042A61B /* Debug */,
				AD642DD823064B660042A61B /* Release */,
			);
			defaultConfigurationIsVisible = 0;
			defaultConfigurationName = Release;
		};
		AD642DD923064B660042A61B /* Build configuration list for PBXNativeTarget "RxSpecial" */ = {
			isa = XCConfigurationList;
			buildConfigurations = (
				AD642DDA23064B660042A61B /* Debug */,
				AD642DDB23064B660042A61B /* Release */,
			);
			defaultConfigurationIsVisible = 0;
			defaultConfigurationName = Release;
		};
		AD642DDC23064B660042A61B /* Build configuration list for PBXNativeTarget "RxSpecialTests" */ = {
			isa = XCConfigurationList;
			buildConfigurations = (
				AD642DDD23064B660042A61B /* Debug */,
				AD642DDE23064B660042A61B /* Release */,
			);
			defaultConfigurationIsVisible = 0;
			defaultConfigurationName = Release;
		};
/* End XCConfigurationList section */
	};
	rootObject = AD642DB423064B620042A61B /* Project object */;
}
